
Microsoft Visual Studio Solution File, Format Version 12.00
# Visual Studio 14
VisualStudioVersion = 14.0.25420.1
MinimumVisualStudioVersion = 10.0.40219.1
Project("{2150E333-8FDC-42A3-9474-1A3956D46DE8}") = "src", "src", "{2155B35F-44DE-4DF9-917A-5C26590766B0}"
EndProject
Project("{2150E333-8FDC-42A3-9474-1A3956D46DE8}") = "Solution Items", "Solution Items", "{4A098F6F-13FC-4145-94BF-457813A8AE42}"
	ProjectSection(SolutionItems) = preProject
		global.json = global.json
	EndProjectSection
EndProject
Project("{8BB2217D-0F2D-49D1-97BC-3654ED321F3B}") = "Love.Net.Services", "src\Love.Net.Services\Love.Net.Services.xproj", "{CDA429B1-5BAA-4B59-9A96-7EE8A3D0CBFE}"
EndProject
Global
	GlobalSection(SolutionConfigurationPlatforms) = preSolution
		Debug|Any CPU = Debug|Any CPU
		Release|Any CPU = Release|Any CPU
	EndGlobalSection
	GlobalSection(ProjectConfigurationPlatforms) = postSolution
		{CDA429B1-5BAA-4B59-9A96-7EE8A3D0CBFE}.Debug|Any CPU.ActiveCfg = Debug|Any CPU
		{CDA429B1-5BAA-4B59-9A96-7EE8A3D0CBFE}.Debug|Any CPU.Build.0 = Debug|Any CPU
		{CDA429B1-5BAA-4B59-9A96-7EE8A3D0CBFE}.Release|Any CPU.ActiveCfg = Release|Any CPU
		{CDA429B1-5BAA-4B59-9A96-7EE8A3D0CBFE}.Release|Any CPU.Build.0 = Release|Any CPU
	EndGlobalSection
	GlobalSection(SolutionProperties) = preSolution
		HideSolutionNode = FALSE
	EndGlobalSection
	GlobalSection(NestedProjects) = preSolution
		{CDA429B1-5BAA-4B59-9A96-7EE8A3D0CBFE} = {2155B35F-44DE-4DF9-917A-5C26590766B0}
	EndGlobalSection
EndGlobal
